
Microsoft Visual Studio Solution File, Format Version 12.00
# Visual Studio Version 16
VisualStudioVersion = 16.0.30204.135
MinimumVisualStudioVersion = 10.0.40219.1
Project("{9A19103F-16F7-4668-BE54-9A1E7A4F7556}") = "Study CVS", "Study CVS\Study CVS.csproj", "{00550E81-9793-4EFB-BC29-FC61C3C46A13}"
EndProject
Global
	GlobalSection(SolutionConfigurationPlatforms) = preSolution
		Debug|Any CPU = Debug|Any CPU
		Release|Any CPU = Release|Any CPU
	EndGlobalSection
	GlobalSection(ProjectConfigurationPlatforms) = postSolution
		{00550E81-9793-4EFB-BC29-FC61C3C46A13}.Debug|Any CPU.ActiveCfg = Debug|Any CPU
		{00550E81-9793-4EFB-BC29-FC61C3C46A13}.Debug|Any CPU.Build.0 = Debug|Any CPU
		{00550E81-9793-4EFB-BC29-FC61C3C46A13}.Release|Any CPU.ActiveCfg = Release|Any CPU
		{00550E81-9793-4EFB-BC29-FC61C3C46A13}.Release|Any CPU.Build.0 = Release|Any CPU
	EndGlobalSection
	GlobalSection(SolutionProperties) = preSolution
		HideSolutionNode = FALSE
	EndGlobalSection
	GlobalSection(ExtensibilityGlobals) = postSolution
		SolutionGuid = {1DA01096-A5DA-42AA-A288-C613822E5B70}
	EndGlobalSection
EndGlobal
